
Microsoft Visual Studio Solution File, Format Version 10.00
# Visual Studio 2008
Project("{8BC9CEB8-8B4A-11D0-8D11-00A0C91BC942}") = "排序", "排序\排序.vcproj", "{17A96CFB-0754-4457-B98A-AACF771DB7DA}"
EndProject
Global
	GlobalSection(SolutionConfigurationPlatforms) = preSolution
		Debug|Win32 = Debug|Win32
		Release|Win32 = Release|Win32
	EndGlobalSection
	GlobalSection(ProjectConfigurationPlatforms) = postSolution
		{17A96CFB-0754-4457-B98A-AACF771DB7DA}.Debug|Win32.ActiveCfg = Debug|Win32
		{17A96CFB-0754-4457-B98A-AACF771DB7DA}.Debug|Win32.Build.0 = Debug|Win32
		{17A96CFB-0754-4457-B98A-AACF771DB7DA}.Release|Win32.ActiveCfg = Release|Win32
		{17A96CFB-0754-4457-B98A-AACF771DB7DA}.Release|Win32.Build.0 = Release|Win32
	EndGlobalSection
	GlobalSection(SolutionProperties) = preSolution
		HideSolutionNode = FALSE
	EndGlobalSection
EndGlobal
